
Microsoft Visual Studio Solution File, Format Version 12.00
# Visual Studio Version 17
VisualStudioVersion = 17.3.32825.248
MinimumVisualStudioVersion = 10.0.40219.1
Project("{9A19103F-16F7-4668-BE54-9A1E7A4F7556}") = "lumine8-web", "lumine8-web\lumine8-web.csproj", "{1F908838-5307-44F1-A6C3-A5B24E1BC755}"
EndProject
Project("{9A19103F-16F7-4668-BE54-9A1E7A4F7556}") = "Lumine8.Shared", "..\..\source\repos\Lumine8.Shared\Lumine8.Shared\Lumine8.Shared.csproj", "{22C50AF3-608D-4A0C-BD06-580B434848F3}"
EndProject
Global
	GlobalSection(SolutionConfigurationPlatforms) = preSolution
		Debug|Any CPU = Debug|Any CPU
		Release|Any CPU = Release|Any CPU
	EndGlobalSection
	GlobalSection(ProjectConfigurationPlatforms) = postSolution
		{1F908838-5307-44F1-A6C3-A5B24E1BC755}.Debug|Any CPU.ActiveCfg = Debug|Any CPU
		{1F908838-5307-44F1-A6C3-A5B24E1BC755}.Debug|Any CPU.Build.0 = Debug|Any CPU
		{1F908838-5307-44F1-A6C3-A5B24E1BC755}.Release|Any CPU.ActiveCfg = Release|Any CPU
		{1F908838-5307-44F1-A6C3-A5B24E1BC755}.Release|Any CPU.Build.0 = Release|Any CPU
		{22C50AF3-608D-4A0C-BD06-580B434848F3}.Debug|Any CPU.ActiveCfg = Debug|Any CPU
		{22C50AF3-608D-4A0C-BD06-580B434848F3}.Debug|Any CPU.Build.0 = Debug|Any CPU
		{22C50AF3-608D-4A0C-BD06-580B434848F3}.Release|Any CPU.ActiveCfg = Release|Any CPU
		{22C50AF3-608D-4A0C-BD06-580B434848F3}.Release|Any CPU.Build.0 = Release|Any CPU
	EndGlobalSection
	GlobalSection(SolutionProperties) = preSolution
		HideSolutionNode = FALSE
	EndGlobalSection
	GlobalSection(ExtensibilityGlobals) = postSolution
		SolutionGuid = {241388CE-3478-4909-89BA-A14AA88A1C02}
	EndGlobalSection
EndGlobal
